{
  "name": "@plainfold/dev-config",
  "version": "0.1.0",
  "lockfileVersion": 3,
  "requires": true,
  "packages": {
    "": {
      "name": "@plainfold/dev-config",
      "version": "0.1.0",
      "license": "MIT",
      "dependencies": {
        "@eslint/js": "^10.0.0",
        "eslint-plugin-react-hooks": "^5.0.0",
        "eslint-plugin-react-refresh": "^0.5.0",
        "globals": "^16.0.0",
        "typescript-eslint": "^8.0.0"
      },
      "peerDependencies": {
        "eslint": ">=10.0.0",
        "typescript": ">=6.0.0",
        "vite": ">=8.0.0"
      }
    },
    "node_modules/@eslint-community/eslint-utils": {
      "version": "4.9.1",
      "resolved": "https://registry.npmjs.org/@eslint-community/eslint-utils/-/eslint-utils-4.9.1.tgz",
      "integrity": "sha512-phrYmNiYppR7znFEdqgfWHXR6NCkZEK7hwWDHZUjit/2/U0r6XvkDl0SYnoM51Hq7FhCGdLDT6zxCCOY1hexsQ==",
      "license": "MIT",
      "dependencies": {
        "eslint-visitor-keys": "^3.4.3"
      },
      "engines": {
        "node": "^12.22.0 || ^14.17.0 || >=16.0.0"
      },
      "funding": {
        "url": "https://opencollective.com/eslint"
      },
      "peerDependencies": {
        "eslint": "^6.0.0 || ^7.0.0 || >=8.0.0"
      }
    },
    "node_modules/@eslint-community/regexpp": {
      "version": "4.12.2",
      "resolved": "https://registry.npmjs.org/@eslint-community/regexpp/-/regexpp-4.12.2.tgz",
      "integrity": "sha512-EriSTlt5OC9/7SXkRSCAhfSxxoSUgBm33OH+IkwbdpgoqsSsUg7y3uh+IICI/Qg4BBWr3U2i39RpmycbxMq4ew==",
      "license": "MIT",
      "engines": {
        "node": "^12.0.0 || ^14.0.0 || >=16.0.0"
      }
    },
    "node_modules/@eslint/js": {
      "version": "10.0.1",
      "resolved": "https://registry.npmjs.org/@eslint/js/-/js-10.0.1.tgz",
      "integrity": "sha512-zeR9k5pd4gxjZ0abRoIaxdc7I3nDktoXZk2qOv9gCNWx3mVwEn32VRhyLaRsDiJjTs0xq/T8mfPtyuXu7GWBcA==",
      "license": "MIT",
      "engines": {
        "node": "^20.19.0 || ^22.13.0 || >=24"
      },
      "funding": {
        "url": "https://eslint.org/donate"
      },
      "peerDependencies": {
        "eslint": "^10.0.0"
      },
      "peerDependenciesMeta": {
        "eslint": {
          "optional": true
        }
      }
    },
    "node_modules/@typescript-eslint/eslint-plugin": {
      "version": "8.60.1",
      "resolved": "https://registry.npmjs.org/@typescript-eslint/eslint-plugin/-/eslint-plugin-8.60.1.tgz",
      "integrity": "sha512-JQ4S5GB0tfjO8BuJ4fcX+HodkzJjYBV+7OJ+wLygaX7OGQ7FudyHL4NSCA6ob+w3Yn+5MkKIozOwQhXeM7opVg==",
      "license": "MIT",
      "dependencies": {
        "@eslint-community/regexpp": "^4.12.2",
        "@typescript-eslint/scope-manager": "8.60.1",
        "@typescript-eslint/type-utils": "8.60.1",
        "@typescript-eslint/utils": "8.60.1",
        "@typescript-eslint/visitor-keys": "8.60.1",
        "ignore": "^7.0.5",
        "natural-compare": "^1.4.0",
        "ts-api-utils": "^2.5.0"
      },
      "engines": {
        "node": "^18.18.0 || ^20.9.0 || >=21.1.0"
      },
      "funding": {
        "type": "opencollective",
        "url": "https://opencollective.com/typescript-eslint"
      },
      "peerDependencies": {
        "@typescript-eslint/parser": "^8.60.1",
        "eslint": "^8.57.0 || ^9.0.0 || ^10.0.0",
        "typescript": ">=4.8.4 <6.1.0"
      }
    },
    "node_modules/@typescript-eslint/parser": {
      "version": "8.60.1",
      "resolved": "https://registry.npmjs.org/@typescript-eslint/parser/-/parser-8.60.1.tgz",
      "integrity": "sha512-A0M6ua6H252bVjPvvtSgl2QA4+ET9S5Mtkb2GDyTxIhH/C4qDItT7RQNO5PhMC6NXGYXOR9dIalcDDgBKT7oFA==",
      "license": "MIT",
      "dependencies": {
        "@typescript-eslint/scope-manager": "8.60.1",
        "@typescript-eslint/types": "8.60.1",
        "@typescript-eslint/typescript-estree": "8.60.1",
        "@typescript-eslint/visitor-keys": "8.60.1",
        "debug": "^4.4.3"
      },
      "engines": {
        "node": "^18.18.0 || ^20.9.0 || >=21.1.0"
      },
      "funding": {
        "type": "opencollective",
        "url": "https://opencollective.com/typescript-eslint"
      },
      "peerDependencies": {
        "eslint": "^8.57.0 || ^9.0.0 || ^10.0.0",
        "typescript": ">=4.8.4 <6.1.0"
      }
    },
    "node_modules/@typescript-eslint/project-service": {
      "version": "8.60.1",
      "resolved": "https://registry.npmjs.org/@typescript-eslint/project-service/-/project-service-8.60.1.tgz",
      "integrity": "sha512-eXkTH2bxmXlqD1RnOPmLZ9ZM9D3VwSx04JOwBnP9RQ+yUA5a2Mu7SfW8uaV2Aon53NJzZlZYuX7tn91Izf+xaw==",
      "license": "MIT",
      "dependencies": {
        "@typescript-eslint/tsconfig-utils": "^8.60.1",
        "@typescript-eslint/types": "^8.60.1",
        "debug": "^4.4.3"
      },
      "engines": {
        "node": "^18.18.0 || ^20.9.0 || >=21.1.0"
      },
      "funding": {
        "type": "opencollective",
        "url": "https://opencollective.com/typescript-eslint"
      },
      "peerDependencies": {
        "typescript": ">=4.8.4 <6.1.0"
      }
    },
    "node_modules/@typescript-eslint/scope-manager": {
      "version": "8.60.1",
      "resolved": "https://registry.npmjs.org/@typescript-eslint/scope-manager/-/scope-manager-8.60.1.tgz",
      "integrity": "sha512-gvI5OQoptnxQnchOirukCuQ55svJSTuD/4k5+pC267xyBtYry748R9/c3tYUzb/iE6RZfllRz2lVulLCHkTm4w==",
      "license": "MIT",
      "dependencies": {
        "@typescript-eslint/types": "8.60.1",
        "@typescript-eslint/visitor-keys": "8.60.1"
      },
      "engines": {
        "node": "^18.18.0 || ^20.9.0 || >=21.1.0"
      },
      "funding": {
        "type": "opencollective",
        "url": "https://opencollective.com/typescript-eslint"
      }
    },
    "node_modules/@typescript-eslint/tsconfig-utils": {
      "version": "8.60.1",
      "resolved": "https://registry.npmjs.org/@typescript-eslint/tsconfig-utils/-/tsconfig-utils-8.60.1.tgz",
      "integrity": "sha512-nh8w4qAteiKuZu3pSSzG/yGKpw0OlkrKnzFmbVRenKaD4qc+7i1GrmZaLVkr8rk4uipiPGMOW4YsM6WmKZ5CvA==",
      "license": "MIT",
      "engines": {
        "node": "^18.18.0 || ^20.9.0 || >=21.1.0"
      },
      "funding": {
        "type": "opencollective",
        "url": "https://opencollective.com/typescript-eslint"
      },
      "peerDependencies": {
        "typescript": ">=4.8.4 <6.1.0"
      }
    },
    "node_modules/@typescript-eslint/type-utils": {
      "version": "8.60.1",
      "resolved": "https://registry.npmjs.org/@typescript-eslint/type-utils/-/type-utils-8.60.1.tgz",
      "integrity": "sha512-sdwTrpjosW7ANQYJ39ZBF1ZyEMEGVB2UsikrserVM/30a/F1dTLnu9bGxEdosugyu5caigjLrR2qiD11asjI1A==",
      "license": "MIT",
      "dependencies": {
        "@typescript-eslint/types": "8.60.1",
        "@typescript-eslint/typescript-estree": "8.60.1",
        "@typescript-eslint/utils": "8.60.1",
        "debug": "^4.4.3",
        "ts-api-utils": "^2.5.0"
      },
      "engines": {
        "node": "^18.18.0 || ^20.9.0 || >=21.1.0"
      },
      "funding": {
        "type": "opencollective",
        "url": "https://opencollective.com/typescript-eslint"
      },
      "peerDependencies": {
        "eslint": "^8.57.0 || ^9.0.0 || ^10.0.0",
        "typescript": ">=4.8.4 <6.1.0"
      }
    },
    "node_modules/@typescript-eslint/types": {
      "version": "8.60.1",
      "resolved": "https://registry.npmjs.org/@typescript-eslint/types/-/types-8.60.1.tgz",
      "integrity": "sha512-4h0tY8ppCkdCzcrl2YM5M3my0xsE1Tf8om3owEu5oPWmXwkKRmk0j0LGDzYBGUcAlesEbxBhazqu/K4cu3Ug7w==",
      "license": "MIT",
      "engines": {
        "node": "^18.18.0 || ^20.9.0 || >=21.1.0"
      },
      "funding": {
        "type": "opencollective",
        "url": "https://opencollective.com/typescript-eslint"
      }
    },
    "node_modules/@typescript-eslint/typescript-estree": {
      "version": "8.60.1",
      "resolved": "https://registry.npmjs.org/@typescript-eslint/typescript-estree/-/typescript-estree-8.60.1.tgz",
      "integrity": "sha512-alpRkfG8hlVE5kdJW2GkfgDgXxold3e8e4l6EnmhRmRLbekgAPCCGDVD++sABy9FcgPFroq+uFcCSM1vR57Cew==",
      "license": "MIT",
      "dependencies": {
        "@typescript-eslint/project-service": "8.60.1",
        "@typescript-eslint/tsconfig-utils": "8.60.1",
        "@typescript-eslint/types": "8.60.1",
        "@typescript-eslint/visitor-keys": "8.60.1",
        "debug": "^4.4.3",
        "minimatch": "^10.2.2",
        "semver": "^7.7.3",
        "tinyglobby": "^0.2.15",
        "ts-api-utils": "^2.5.0"
      },
      "engines": {
        "node": "^18.18.0 || ^20.9.0 || >=21.1.0"
      },
      "funding": {
        "type": "opencollective",
        "url": "https://opencollective.com/typescript-eslint"
      },
      "peerDependencies": {
        "typescript": ">=4.8.4 <6.1.0"
      }
    },
    "node_modules/@typescript-eslint/utils": {
      "version": "8.60.1",
      "resolved": "https://registry.npmjs.org/@typescript-eslint/utils/-/utils-8.60.1.tgz",
      "integrity": "sha512-h2MPBLoNtjc3qZWfY3Tl51yPorQ2McHn8pJfcMNTcIvrrZrr90Ykffit0yjrPFWQcRcUxzH20+6OcVdW4yHtUg==",
      "license": "MIT",
      "dependencies": {
        "@eslint-community/eslint-utils": "^4.9.1",
        "@typescript-eslint/scope-manager": "8.60.1",
        "@typescript-eslint/types": "8.60.1",
        "@typescript-eslint/typescript-estree": "8.60.1"
      },
      "engines": {
        "node": "^18.18.0 || ^20.9.0 || >=21.1.0"
      },
      "funding": {
        "type": "opencollective",
        "url": "https://opencollective.com/typescript-eslint"
      },
      "peerDependencies": {
        "eslint": "^8.57.0 || ^9.0.0 || ^10.0.0",
        "typescript": ">=4.8.4 <6.1.0"
      }
    },
    "node_modules/@typescript-eslint/visitor-keys": {
      "version": "8.60.1",
      "resolved": "https://registry.npmjs.org/@typescript-eslint/visitor-keys/-/visitor-keys-8.60.1.tgz",
      "integrity": "sha512-EbGRQg4FhrmwLodl+t3JNAnXHWVr9Vp+Zl1QBZVPY4ByfkzIT8cX3K6QWODHtkIZqqJVEWvhHSx3v5PDHsaQag==",
      "license": "MIT",
      "dependencies": {
        "@typescript-eslint/types": "8.60.1",
        "eslint-visitor-keys": "^5.0.0"
      },
      "engines": {
        "node": "^18.18.0 || ^20.9.0 || >=21.1.0"
      },
      "funding": {
        "type": "opencollective",
        "url": "https://opencollective.com/typescript-eslint"
      }
    },
    "node_modules/@typescript-eslint/visitor-keys/node_modules/eslint-visitor-keys": {
      "version": "5.0.1",
      "resolved": "https://registry.npmjs.org/eslint-visitor-keys/-/eslint-visitor-keys-5.0.1.tgz",
      "integrity": "sha512-tD40eHxA35h0PEIZNeIjkHoDR4YjjJp34biM0mDvplBe//mB+IHCqHDGV7pxF+7MklTvighcCPPZC7ynWyjdTA==",
      "license": "Apache-2.0",
      "engines": {
        "node": "^20.19.0 || ^22.13.0 || >=24"
      },
      "funding": {
        "url": "https://opencollective.com/eslint"
      }
    },
    "node_modules/balanced-match": {
      "version": "4.0.4",
      "resolved": "https://registry.npmjs.org/balanced-match/-/balanced-match-4.0.4.tgz",
      "integrity": "sha512-BLrgEcRTwX2o6gGxGOCNyMvGSp35YofuYzw9h1IMTRmKqttAZZVU67bdb9Pr2vUHA8+j3i2tJfjO6C6+4myGTA==",
      "license": "MIT",
      "engines": {
        "node": "18 || 20 || >=22"
      }
    },
    "node_modules/brace-expansion": {
      "version": "5.0.6",
      "resolved": "https://registry.npmjs.org/brace-expansion/-/brace-expansion-5.0.6.tgz",
      "integrity": "sha512-kLpxurY4Z4r9sgMsyG0Z9uzsBlgiU/EFKhj/h91/8yHu0edo7XuixOIH3VcJ8kkxs6/jPzoI6U9Vj3WqbMQ94g==",
      "license": "MIT",
      "dependencies": {
        "balanced-match": "^4.0.2"
      },
      "engines": {
        "node": "18 || 20 || >=22"
      }
    },
    "node_modules/debug": {
      "version": "4.4.3",
      "resolved": "https://registry.npmjs.org/debug/-/debug-4.4.3.tgz",
      "integrity": "sha512-RGwwWnwQvkVfavKVt22FGLw+xYSdzARwm0ru6DhTVA3umU5hZc28V3kO4stgYryrTlLpuvgI9GiijltAjNbcqA==",
      "license": "MIT",
      "dependencies": {
        "ms": "^2.1.3"
      },
      "engines": {
        "node": ">=6.0"
      },
      "peerDependenciesMeta": {
        "supports-color": {
          "optional": true
        }
      }
    },
    "node_modules/eslint-plugin-react-hooks": {
      "version": "5.2.0",
      "resolved": "https://registry.npmjs.org/eslint-plugin-react-hooks/-/eslint-plugin-react-hooks-5.2.0.tgz",
      "integrity": "sha512-+f15FfK64YQwZdJNELETdn5ibXEUQmW1DZL6KXhNnc2heoy/sg9VJJeT7n8TlMWouzWqSWavFkIhHyIbIAEapg==",
      "license": "MIT",
      "engines": {
        "node": ">=10"
      },
      "peerDependencies": {
        "eslint": "^3.0.0 || ^4.0.0 || ^5.0.0 || ^6.0.0 || ^7.0.0 || ^8.0.0-0 || ^9.0.0"
      }
    },
    "node_modules/eslint-plugin-react-refresh": {
      "version": "0.5.2",
      "resolved": "https://registry.npmjs.org/eslint-plugin-react-refresh/-/eslint-plugin-react-refresh-0.5.2.tgz",
      "integrity": "sha512-hmgTH57GfzoTFjVN0yBwTggnsVUF2tcqi7RJZHqi9lIezSs4eFyAMktA68YD4r5kNw1mxyY4dmkyoFDb3FIqrA==",
      "license": "MIT",
      "peerDependencies": {
        "eslint": "^9 || ^10"
      }
    },
    "node_modules/eslint-visitor-keys": {
      "version": "3.4.3",
      "resolved": "https://registry.npmjs.org/eslint-visitor-keys/-/eslint-visitor-keys-3.4.3.tgz",
      "integrity": "sha512-wpc+LXeiyiisxPlEkUzU6svyS1frIO3Mgxj1fdy7Pm8Ygzguax2N3Fa/D/ag1WqbOprdI+uY6wMUl8/a2G+iag==",
      "license": "Apache-2.0",
      "engines": {
        "node": "^12.22.0 || ^14.17.0 || >=16.0.0"
      },
      "funding": {
        "url": "https://opencollective.com/eslint"
      }
    },
    "node_modules/fdir": {
      "version": "6.5.0",
      "resolved": "https://registry.npmjs.org/fdir/-/fdir-6.5.0.tgz",
      "integrity": "sha512-tIbYtZbucOs0BRGqPJkshJUYdL+SDH7dVM8gjy+ERp3WAUjLEFJE+02kanyHtwjWOnwrKYBiwAmM0p4kLJAnXg==",
      "license": "MIT",
      "engines": {
        "node": ">=12.0.0"
      },
      "peerDependencies": {
        "picomatch": "^3 || ^4"
      },
      "peerDependenciesMeta": {
        "picomatch": {
          "optional": true
        }
      }
    },
    "node_modules/globals": {
      "version": "16.5.0",
      "resolved": "https://registry.npmjs.org/globals/-/globals-16.5.0.tgz",
      "integrity": "sha512-c/c15i26VrJ4IRt5Z89DnIzCGDn9EcebibhAOjw5ibqEHsE1wLUgkPn9RDmNcUKyU87GeaL633nyJ+pplFR2ZQ==",
      "license": "MIT",
      "engines": {
        "node": ">=18"
      },
      "funding": {
        "url": "https://github.com/sponsors/sindresorhus"
      }
    },
    "node_modules/ignore": {
      "version": "7.0.5",
      "resolved": "https://registry.npmjs.org/ignore/-/ignore-7.0.5.tgz",
      "integrity": "sha512-Hs59xBNfUIunMFgWAbGX5cq6893IbWg4KnrjbYwX3tx0ztorVgTDA6B2sxf8ejHJ4wz8BqGUMYlnzNBer5NvGg==",
      "license": "MIT",
      "engines": {
        "node": ">= 4"
      }
    },
    "node_modules/minimatch": {
      "version": "10.2.5",
      "resolved": "https://registry.npmjs.org/minimatch/-/minimatch-10.2.5.tgz",
      "integrity": "sha512-MULkVLfKGYDFYejP07QOurDLLQpcjk7Fw+7jXS2R2czRQzR56yHRveU5NDJEOviH+hETZKSkIk5c+T23GjFUMg==",
      "license": "BlueOak-1.0.0",
      "dependencies": {
        "brace-expansion": "^5.0.5"
      },
      "engines": {
        "node": "18 || 20 || >=22"
      },
      "funding": {
        "url": "https://github.com/sponsors/isaacs"
      }
    },
    "node_modules/ms": {
      "version": "2.1.3",
      "resolved": "https://registry.npmjs.org/ms/-/ms-2.1.3.tgz",
      "integrity": "sha512-6FlzubTLZG3J2a/NVCAleEhjzq5oxgHyaCU9yYXvcLsvoVaHJq/s5xXI6/XXP6tz7R9xAOtHnSO/tXtF3WRTlA==",
      "license": "MIT"
    },
    "node_modules/natural-compare": {
      "version": "1.4.0",
      "resolved": "https://registry.npmjs.org/natural-compare/-/natural-compare-1.4.0.tgz",
      "integrity": "sha512-OWND8ei3VtNC9h7V60qff3SVobHr996CTwgxubgyQYEpg290h9J0buyECNNJexkFm5sOajh5G116RYA1c8ZMSw==",
      "license": "MIT"
    },
    "node_modules/picomatch": {
      "version": "4.0.4",
      "resolved": "https://registry.npmjs.org/picomatch/-/picomatch-4.0.4.tgz",
      "integrity": "sha512-QP88BAKvMam/3NxH6vj2o21R6MjxZUAd6nlwAS/pnGvN9IVLocLHxGYIzFhg6fUQ+5th6P4dv4eW9jX3DSIj7A==",
      "license": "MIT",
      "engines": {
        "node": ">=12"
      },
      "funding": {
        "url": "https://github.com/sponsors/jonschlinkert"
      }
    },
    "node_modules/semver": {
      "version": "7.8.2",
      "resolved": "https://registry.npmjs.org/semver/-/semver-7.8.2.tgz",
      "integrity": "sha512-c8jsqUZm3omBOI66G90z1Dyw5z622G8oLG+omfsHBJf3CWQTlOcwOjvOG6wtiNfW6anKm/eA39LMwMtMez2TiQ==",
      "license": "ISC",
      "bin": {
        "semver": "bin/semver.js"
      },
      "engines": {
        "node": ">=10"
      }
    },
    "node_modules/tinyglobby": {
      "version": "0.2.17",
      "resolved": "https://registry.npmjs.org/tinyglobby/-/tinyglobby-0.2.17.tgz",
      "integrity": "sha512-wXR/dYpcqKmfWpEdZjiKJOwCNFndD0DMnrW/cYjVGttEkBfVgcLFHoNrlj47mjOVic9yyNu65alsgF4NQyTa2g==",
      "license": "MIT",
      "dependencies": {
        "fdir": "^6.5.0",
        "picomatch": "^4.0.4"
      },
      "engines": {
        "node": ">=12.0.0"
      },
      "funding": {
        "url": "https://github.com/sponsors/SuperchupuDev"
      }
    },
    "node_modules/ts-api-utils": {
      "version": "2.5.0",
      "resolved": "https://registry.npmjs.org/ts-api-utils/-/ts-api-utils-2.5.0.tgz",
      "integrity": "sha512-OJ/ibxhPlqrMM0UiNHJ/0CKQkoKF243/AEmplt3qpRgkW8VG7IfOS41h7V8TjITqdByHzrjcS/2si+y4lIh8NA==",
      "license": "MIT",
      "engines": {
        "node": ">=18.12"
      },
      "peerDependencies": {
        "typescript": ">=4.8.4"
      }
    },
    "node_modules/typescript-eslint": {
      "version": "8.60.1",
      "resolved": "https://registry.npmjs.org/typescript-eslint/-/typescript-eslint-8.60.1.tgz",
      "integrity": "sha512-6m5hkkRAp8lKvhVpcprAIn5KkehQEh+47oHH2VGnExEh7dhNxXlg6GPAOIu6TxbVQxhebrJDvjl3020ooiWCMA==",
      "license": "MIT",
      "dependencies": {
        "@typescript-eslint/eslint-plugin": "8.60.1",
        "@typescript-eslint/parser": "8.60.1",
        "@typescript-eslint/typescript-estree": "8.60.1",
        "@typescript-eslint/utils": "8.60.1"
      },
      "engines": {
        "node": "^18.18.0 || ^20.9.0 || >=21.1.0"
      },
      "funding": {
        "type": "opencollective",
        "url": "https://opencollective.com/typescript-eslint"
      },
      "peerDependencies": {
        "eslint": "^8.57.0 || ^9.0.0 || ^10.0.0",
        "typescript": ">=4.8.4 <6.1.0"
      }
    }
  }
}
